
Microsoft Visual Studio Solution File, Format Version 12.00
# Visual Studio Version 16
VisualStudioVersion = 16.0.30225.117
MinimumVisualStudioVersion = 10.0.40219.1
Project("{9A19103F-16F7-4668-BE54-9A1E7A4F7556}") = "StringSearch", "StringSearch\StringSearch.csproj", "{602D9027-E8E1-4C28-A8D8-FB17754B2B0E}"
EndProject
Project("{9A19103F-16F7-4668-BE54-9A1E7A4F7556}") = "StringSearch_Tests", "StringSearch_Tests\StringSearch_Tests.csproj", "{105876EB-E4A9-4380-9AC3-DE521FE53018}"
EndProject
Project("{FAE04EC0-301F-11D3-BF4B-00C04F79EFBC}") = "Wonderland", "Wonderland\Wonderland.csproj", "{B39D1C1F-E285-447E-B9D8-52420CB94549}"
EndProject
Project("{FAE04EC0-301F-11D3-BF4B-00C04F79EFBC}") = "DapperConsoleJ1", "DapperConsoleJ1\DapperConsoleJ1.csproj", "{65DF5A87-21D7-4E7F-89AE-A83A7FD9F06E}"
EndProject
Project("{FAE04EC0-301F-11D3-BF4B-00C04F79EFBC}") = "DapperConsole", "DapperConsole\DapperConsole.csproj", "{7DA4C659-6608-4423-9712-E3DDDB667E79}"
EndProject
Global
	GlobalSection(SolutionConfigurationPlatforms) = preSolution
		Debug|Any CPU = Debug|Any CPU
		Release|Any CPU = Release|Any CPU
	EndGlobalSection
	GlobalSection(ProjectConfigurationPlatforms) = postSolution
		{602D9027-E8E1-4C28-A8D8-FB17754B2B0E}.Debug|Any CPU.ActiveCfg = Debug|Any CPU
		{602D9027-E8E1-4C28-A8D8-FB17754B2B0E}.Debug|Any CPU.Build.0 = Debug|Any CPU
		{602D9027-E8E1-4C28-A8D8-FB17754B2B0E}.Release|Any CPU.ActiveCfg = Release|Any CPU
		{602D9027-E8E1-4C28-A8D8-FB17754B2B0E}.Release|Any CPU.Build.0 = Release|Any CPU
		{105876EB-E4A9-4380-9AC3-DE521FE53018}.Debug|Any CPU.ActiveCfg = Debug|Any CPU
		{105876EB-E4A9-4380-9AC3-DE521FE53018}.Debug|Any CPU.Build.0 = Debug|Any CPU
		{105876EB-E4A9-4380-9AC3-DE521FE53018}.Release|Any CPU.ActiveCfg = Release|Any CPU
		{105876EB-E4A9-4380-9AC3-DE521FE53018}.Release|Any CPU.Build.0 = Release|Any CPU
		{B39D1C1F-E285-447E-B9D8-52420CB94549}.Debug|Any CPU.ActiveCfg = Debug|Any CPU
		{B39D1C1F-E285-447E-B9D8-52420CB94549}.Debug|Any CPU.Build.0 = Debug|Any CPU
		{B39D1C1F-E285-447E-B9D8-52420CB94549}.Release|Any CPU.ActiveCfg = Release|Any CPU
		{B39D1C1F-E285-447E-B9D8-52420CB94549}.Release|Any CPU.Build.0 = Release|Any CPU
		{65DF5A87-21D7-4E7F-89AE-A83A7FD9F06E}.Debug|Any CPU.ActiveCfg = Debug|Any CPU
		{65DF5A87-21D7-4E7F-89AE-A83A7FD9F06E}.Debug|Any CPU.Build.0 = Debug|Any CPU
		{65DF5A87-21D7-4E7F-89AE-A83A7FD9F06E}.Release|Any CPU.ActiveCfg = Release|Any CPU
		{65DF5A87-21D7-4E7F-89AE-A83A7FD9F06E}.Release|Any CPU.Build.0 = Release|Any CPU
		{7DA4C659-6608-4423-9712-E3DDDB667E79}.Debug|Any CPU.ActiveCfg = Debug|Any CPU
		{7DA4C659-6608-4423-9712-E3DDDB667E79}.Debug|Any CPU.Build.0 = Debug|Any CPU
		{7DA4C659-6608-4423-9712-E3DDDB667E79}.Release|Any CPU.ActiveCfg = Release|Any CPU
		{7DA4C659-6608-4423-9712-E3DDDB667E79}.Release|Any CPU.Build.0 = Release|Any CPU
	EndGlobalSection
	GlobalSection(SolutionProperties) = preSolution
		HideSolutionNode = FALSE
	EndGlobalSection
	GlobalSection(ExtensibilityGlobals) = postSolution
		SolutionGuid = {BD40C4F5-1AA9-417A-A40D-A883EA5EA84C}
	EndGlobalSection
EndGlobal
